
Microsoft Visual Studio Solution File, Format Version 12.00
# Visual Studio 15
VisualStudioVersion = 15.0.28307.757
MinimumVisualStudioVersion = 10.0.40219.1
Project("{9A19103F-16F7-4668-BE54-9A1E7A4F7556}") = "StandardModels", "StandardModels\StandardModels.csproj", "{30935AB1-928F-4ED5-A4EC-1DBFF6D52FFD}"
EndProject
Project("{9A19103F-16F7-4668-BE54-9A1E7A4F7556}") = "StandardEntityFramework", "StandardEntityFramework\StandardEntityFramework.csproj", "{3A0C9FC1-8B94-4123-BAC8-26BF22BCA96C}"
EndProject
Project("{9A19103F-16F7-4668-BE54-9A1E7A4F7556}") = "StandardEntityFramework.Migrations", "StandardEntityFramework.Migrations\StandardEntityFramework.Migrations.csproj", "{B10CC8D8-0C2A-485A-9E1E-136ED429CD22}"
EndProject
Project("{9A19103F-16F7-4668-BE54-9A1E7A4F7556}") = "WebApi", "WebApi\WebApi.csproj", "{BBC9B26E-E13D-4C59-84A4-49698971AE92}"
EndProject
Project("{9A19103F-16F7-4668-BE54-9A1E7A4F7556}") = "StandardDomain", "StandardDomain\StandardDomain.csproj", "{D7F0C9CA-6E35-4937-8343-7D2E25B7E8C9}"
EndProject
Project("{9A19103F-16F7-4668-BE54-9A1E7A4F7556}") = "StandardRepository", "StandardRepository\StandardRepository.csproj", "{1A5BADDC-8516-42B7-969D-3164D8247BF4}"
EndProject
Project("{FAE04EC0-301F-11D3-BF4B-00C04F79EFBC}") = "StandardInfrastructure", "StandardInfrastructure\StandardInfrastructure.csproj", "{3F491A31-3FF9-4AF1-9129-A9B3E583B3C9}"
EndProject
Global
	GlobalSection(SolutionConfigurationPlatforms) = preSolution
		Debug|Any CPU = Debug|Any CPU
		Release|Any CPU = Release|Any CPU
	EndGlobalSection
	GlobalSection(ProjectConfigurationPlatforms) = postSolution
		{30935AB1-928F-4ED5-A4EC-1DBFF6D52FFD}.Debug|Any CPU.ActiveCfg = Debug|Any CPU
		{30935AB1-928F-4ED5-A4EC-1DBFF6D52FFD}.Debug|Any CPU.Build.0 = Debug|Any CPU
		{30935AB1-928F-4ED5-A4EC-1DBFF6D52FFD}.Release|Any CPU.ActiveCfg = Release|Any CPU
		{30935AB1-928F-4ED5-A4EC-1DBFF6D52FFD}.Release|Any CPU.Build.0 = Release|Any CPU
		{3A0C9FC1-8B94-4123-BAC8-26BF22BCA96C}.Debug|Any CPU.ActiveCfg = Debug|Any CPU
		{3A0C9FC1-8B94-4123-BAC8-26BF22BCA96C}.Debug|Any CPU.Build.0 = Debug|Any CPU
		{3A0C9FC1-8B94-4123-BAC8-26BF22BCA96C}.Release|Any CPU.ActiveCfg = Release|Any CPU
		{3A0C9FC1-8B94-4123-BAC8-26BF22BCA96C}.Release|Any CPU.Build.0 = Release|Any CPU
		{B10CC8D8-0C2A-485A-9E1E-136ED429CD22}.Debug|Any CPU.ActiveCfg = Debug|Any CPU
		{B10CC8D8-0C2A-485A-9E1E-136ED429CD22}.Debug|Any CPU.Build.0 = Debug|Any CPU
		{B10CC8D8-0C2A-485A-9E1E-136ED429CD22}.Release|Any CPU.ActiveCfg = Release|Any CPU
		{B10CC8D8-0C2A-485A-9E1E-136ED429CD22}.Release|Any CPU.Build.0 = Release|Any CPU
		{BBC9B26E-E13D-4C59-84A4-49698971AE92}.Debug|Any CPU.ActiveCfg = Debug|Any CPU
		{BBC9B26E-E13D-4C59-84A4-49698971AE92}.Debug|Any CPU.Build.0 = Debug|Any CPU
		{BBC9B26E-E13D-4C59-84A4-49698971AE92}.Release|Any CPU.ActiveCfg = Release|Any CPU
		{BBC9B26E-E13D-4C59-84A4-49698971AE92}.Release|Any CPU.Build.0 = Release|Any CPU
		{D7F0C9CA-6E35-4937-8343-7D2E25B7E8C9}.Debug|Any CPU.ActiveCfg = Debug|Any CPU
		{D7F0C9CA-6E35-4937-8343-7D2E25B7E8C9}.Debug|Any CPU.Build.0 = Debug|Any CPU
		{D7F0C9CA-6E35-4937-8343-7D2E25B7E8C9}.Release|Any CPU.ActiveCfg = Release|Any CPU
		{D7F0C9CA-6E35-4937-8343-7D2E25B7E8C9}.Release|Any CPU.Build.0 = Release|Any CPU
		{1A5BADDC-8516-42B7-969D-3164D8247BF4}.Debug|Any CPU.ActiveCfg = Debug|Any CPU
		{1A5BADDC-8516-42B7-969D-3164D8247BF4}.Debug|Any CPU.Build.0 = Debug|Any CPU
		{1A5BADDC-8516-42B7-969D-3164D8247BF4}.Release|Any CPU.ActiveCfg = Release|Any CPU
		{1A5BADDC-8516-42B7-969D-3164D8247BF4}.Release|Any CPU.Build.0 = Release|Any CPU
		{3F491A31-3FF9-4AF1-9129-A9B3E583B3C9}.Debug|Any CPU.ActiveCfg = Debug|Any CPU
		{3F491A31-3FF9-4AF1-9129-A9B3E583B3C9}.Debug|Any CPU.Build.0 = Debug|Any CPU
		{3F491A31-3FF9-4AF1-9129-A9B3E583B3C9}.Release|Any CPU.ActiveCfg = Release|Any CPU
		{3F491A31-3FF9-4AF1-9129-A9B3E583B3C9}.Release|Any CPU.Build.0 = Release|Any CPU
	EndGlobalSection
	GlobalSection(SolutionProperties) = preSolution
		HideSolutionNode = FALSE
	EndGlobalSection
	GlobalSection(ExtensibilityGlobals) = postSolution
		SolutionGuid = {F32C8237-8BEA-4496-83A9-16002FC81EC7}
	EndGlobalSection
EndGlobal
